
Microsoft Visual Studio Solution File, Format Version 12.00
# Visual Studio Version 17
VisualStudioVersion = 17.0.31903.59
MinimumVisualStudioVersion = 10.0.40219.1
Project("{FAE04EC0-301F-11D3-BF4B-00C04F79EFBC}") = "HotelManagementSystem.App", "HotelManagementSystem.App\HotelManagementSystem.App.csproj", "{524C4F46-1D74-44E7-8013-A34D650917A8}"
EndProject
Project("{FAE04EC0-301F-11D3-BF4B-00C04F79EFBC}") = "HotelManagementSystem.Core", "HotelManagementSystem.Core\HotelManagementSystem.Core.csproj", "{2CF4A991-E54B-4525-B171-1B72EFD2FED5}"
EndProject
Global
	GlobalSection(SolutionConfigurationPlatforms) = preSolution
		Debug|Any CPU = Debug|Any CPU
		Release|Any CPU = Release|Any CPU
	EndGlobalSection
	GlobalSection(SolutionProperties) = preSolution
		HideSolutionNode = FALSE
	EndGlobalSection
	GlobalSection(ProjectConfigurationPlatforms) = postSolution
		{524C4F46-1D74-44E7-8013-A34D650917A8}.Debug|Any CPU.ActiveCfg = Debug|Any CPU
		{524C4F46-1D74-44E7-8013-A34D650917A8}.Debug|Any CPU.Build.0 = Debug|Any CPU
		{524C4F46-1D74-44E7-8013-A34D650917A8}.Release|Any CPU.ActiveCfg = Release|Any CPU
		{524C4F46-1D74-44E7-8013-A34D650917A8}.Release|Any CPU.Build.0 = Release|Any CPU
		{2CF4A991-E54B-4525-B171-1B72EFD2FED5}.Debug|Any CPU.ActiveCfg = Debug|Any CPU
		{2CF4A991-E54B-4525-B171-1B72EFD2FED5}.Debug|Any CPU.Build.0 = Debug|Any CPU
		{2CF4A991-E54B-4525-B171-1B72EFD2FED5}.Release|Any CPU.ActiveCfg = Release|Any CPU
		{2CF4A991-E54B-4525-B171-1B72EFD2FED5}.Release|Any CPU.Build.0 = Release|Any CPU
	EndGlobalSection
EndGlobal
